// !$*UTF8*$!
{
	archiveVersion = 1;
	classes = {
	};
	objectVersion = 50;
	objects = {

/* Begin PBXBuildFile section */
		513B2B7924EAC51700A08788 /* AppDelegate.m in Sources */ = {isa = PBXBuildFile; fileRef = 513B2B7824EAC51700A08788 /* AppDelegate.m */; };
		513B2B8424EAC51D00A08788 /* Assets.xcassets in Resources */ = {isa = PBXBuildFile; fileRef = 513B2B8324EAC51D00A08788 /* Assets.xcassets */; };
		513B2B8724EAC51D00A08788 /* LaunchScreen.storyboard in Resources */ = {isa = PBXBuildFile; fileRef = 513B2B8524EAC51D00A08788 /* LaunchScreen.storyboard */; };
		513B2B8A24EAC51D00A08788 /* main.m in Sources */ = {isa = PBXBuildFile; fileRef = 513B2B8924EAC51D00A08788 /* main.m */; };
		513B2B9224F2595E00A08788 /* RootViewController.m in Sources */ = {isa = PBXBuildFile; fileRef = 513B2B9124F2595E00A08788 /* RootViewController.m */; };
		513B2B9D250050DD00A08788 /* StartingViewController.m in Sources */ = {isa = PBXBuildFile; fileRef = 513B2B9B250050DD00A08788 /* StartingViewController.m */; };
		513B2B9E250050DD00A08788 /* StartingViewController.xib in Resources */ = {isa = PBXBuildFile; fileRef = 513B2B9C250050DD00A08788 /* StartingViewController.xib */; };
		513B2BA1250141C800A08788 /* BaseViewController.m in Sources */ = {isa = PBXBuildFile; fileRef = 513B2BA0250141C800A08788 /* BaseViewController.m */; };
		513B2BA525014D6B00A08788 /* HomeViewController.m in Sources */ = {isa = PBXBuildFile; fileRef = 513B2BA325014D6B00A08788 /* HomeViewController.m */; };
		513B2BA625014D6B00A08788 /* HomeViewController.xib in Resources */ = {isa = PBXBuildFile; fileRef = 513B2BA425014D6B00A08788 /* HomeViewController.xib */; };
		513B2BB12504F70100A08788 /* Localizable.strings in Resources */ = {isa = PBXBuildFile; fileRef = 513B2BB02504F70100A08788 /* Localizable.strings */; };
		513B2BB62504F88000A08788 /* ResourceManager.m in Sources */ = {isa = PBXBuildFile; fileRef = 513B2BB52504F88000A08788 /* ResourceManager.m */; };
/* End PBXBuildFile section */

/* Begin PBXFileReference section */
		513B2B7424EAC51700A08788 /* sample.app */ = {isa = PBXFileReference; explicitFileType = wrapper.application; includeInIndex = 0; path = sample.app; sourceTree = BUILT_PRODUCTS_DIR; };
		513B2B7724EAC51700A08788 /* AppDelegate.h */ = {isa = PBXFileReference; lastKnownFileType = sourcecode.c.h; path = AppDelegate.h; sourceTree = "<group>"; };
		513B2B7824EAC51700A08788 /* AppDelegate.m */ = {isa = PBXFileReference; lastKnownFileType = sourcecode.c.objc; path = AppDelegate.m; sourceTree = "<group>"; };
		513B2B8324EAC51D00A08788 /* Assets.xcassets */ = {isa = PBXFileReference; lastKnownFileType = folder.assetcatalog; path = Assets.xcassets; sourceTree = "<group>"; };
		513B2B8624EAC51D00A08788 /* Base */ = {isa = PBXFileReference; lastKnownFileType = file.storyboard; name = Base; path = Base.lproj/LaunchScreen.storyboard; sourceTree = "<group>"; };
		513B2B8824EAC51D00A08788 /* Info.plist */ = {isa = PBXFileReference; lastKnownFileType = text.plist.xml; path = Info.plist; sourceTree = "<group>"; };
		513B2B8924EAC51D00A08788 /* main.m */ = {isa = PBXFileReference; lastKnownFileType = sourcecode.c.objc; path = main.m; sourceTree = "<group>"; };
		513B2B9024F2595D00A08788 /* RootViewController.h */ = {isa = PBXFileReference; fileEncoding = 4; lastKnownFileType = sourcecode.c.h; path = RootViewController.h; sourceTree = "<group>"; };
		513B2B9124F2595E00A08788 /* RootViewController.m */ = {isa = PBXFileReference; fileEncoding = 4; lastKnownFileType = sourcecode.c.objc; path = RootViewController.m; sourceTree = "<group>"; };
		513B2B9A250050DD00A08788 /* StartingViewController.h */ = {isa = PBXFileReference; lastKnownFileType = sourcecode.c.h; path = StartingViewController.h; sourceTree = "<group>"; };
		513B2B9B250050DD00A08788 /* StartingViewController.m */ = {isa = PBXFileReference; lastKnownFileType = sourcecode.c.objc; path = StartingViewController.m; sourceTree = "<group>"; };
		513B2B9C250050DD00A08788 /* StartingViewController.xib */ = {isa = PBXFileReference; lastKnownFileType = file.xib; path = StartingViewController.xib; sourceTree = "<group>"; };
		513B2B9F250141C800A08788 /* BaseViewController.h */ = {isa = PBXFileReference; lastKnownFileType = sourcecode.c.h; path = BaseViewController.h; sourceTree = "<group>"; };
		513B2BA0250141C800A08788 /* BaseViewController.m */ = {isa = PBXFileReference; lastKnownFileType = sourcecode.c.objc; path = BaseViewController.m; sourceTree = "<group>"; };
		513B2BA225014D6B00A08788 /* HomeViewController.h */ = {isa = PBXFileReference; lastKnownFileType = sourcecode.c.h; path = HomeViewController.h; sourceTree = "<group>"; };
		513B2BA325014D6B00A08788 /* HomeViewController.m */ = {isa = PBXFileReference; lastKnownFileType = sourcecode.c.objc; path = HomeViewController.m; sourceTree = "<group>"; };
		513B2BA425014D6B00A08788 /* HomeViewController.xib */ = {isa = PBXFileReference; lastKnownFileType = file.xib; path = HomeViewController.xib; sourceTree = "<group>"; };
		513B2BB02504F70100A08788 /* Localizable.strings */ = {isa = PBXFileReference; lastKnownFileType = text.plist.strings; path = Localizable.strings; sourceTree = "<group>"; };
		513B2BB22504F7A400A08788 /* LabelDefine.h */ = {isa = PBXFileReference; lastKnownFileType = sourcecode.c.h; path = LabelDefine.h; sourceTree = "<group>"; };
		513B2BB42504F88000A08788 /* ResourceManager.h */ = {isa = PBXFileReference; lastKnownFileType = sourcecode.c.h; path = ResourceManager.h; sourceTree = "<group>"; };
		513B2BB52504F88000A08788 /* ResourceManager.m */ = {isa = PBXFileReference; lastKnownFileType = sourcecode.c.objc; path = ResourceManager.m; sourceTree = "<group>"; };
/* End PBXFileReference section */

/* Begin PBXFrameworksBuildPhase section */
		513B2B7124EAC51700A08788 /* Frameworks */ = {
			isa = PBXFrameworksBuildPhase;
			buildActionMask = 2147483647;
			files = (
			);
			runOnlyForDeploymentPostprocessing = 0;
		};
/* End PBXFrameworksBuildPhase section */

/* Begin PBXGroup section */
		513B2B6B24EAC51700A08788 = {
			isa = PBXGroup;
			children = (
				513B2B7624EAC51700A08788 /* sample */,
				513B2B7524EAC51700A08788 /* Products */,
			);
			sourceTree = "<group>";
		};
		513B2B7524EAC51700A08788 /* Products */ = {
			isa = PBXGroup;
			children = (
				513B2B7424EAC51700A08788 /* sample.app */,
			);
			name = Products;
			sourceTree = "<group>";
		};
		513B2B7624EAC51700A08788 /* sample */ = {
			isa = PBXGroup;
			children = (
				513B2BA82504E85700A08788 /* res */,
				513B2BA72504E7E200A08788 /* src */,
			);
			path = sample;
			sourceTree = "<group>";
		};
		513B2BA72504E7E200A08788 /* src */ = {
			isa = PBXGroup;
			children = (
				513B2B8924EAC51D00A08788 /* main.m */,
				513B2B7724EAC51700A08788 /* AppDelegate.h */,
				513B2B7824EAC51700A08788 /* AppDelegate.m */,
				513B2BAF2504EB0200A08788 /* define */,
				513B2BAE2504EAB900A08788 /* manager */,
				513B2BAD2504EA4F00A08788 /* screen */,
			);
			path = src;
			sourceTree = "<group>";
		};
		513B2BA82504E85700A08788 /* res */ = {
			isa = PBXGroup;
			children = (
				513B2BAC2504E9F600A08788 /* color */,
				513B2BA92504E87C00A08788 /* image */,
				513B2BAB2504E8AE00A08788 /* locale */,
				513B2BAA2504E89100A08788 /* plist */,
			);
			path = res;
			sourceTree = "<group>";
		};
		513B2BA92504E87C00A08788 /* image */ = {
			isa = PBXGroup;
			children = (
				513B2B8324EAC51D00A08788 /* Assets.xcassets */,
			);
			path = image;
			sourceTree = "<group>";
		};
		513B2BAA2504E89100A08788 /* plist */ = {
			isa = PBXGroup;
			children = (
				513B2B8824EAC51D00A08788 /* Info.plist */,
			);
			path = plist;
			sourceTree = "<group>";
		};
		513B2BAB2504E8AE00A08788 /* locale */ = {
			isa = PBXGroup;
			children = (
				513B2BB02504F70100A08788 /* Localizable.strings */,
			);
			path = locale;
			sourceTree = "<group>";
		};
		513B2BAC2504E9F600A08788 /* color */ = {
			isa = PBXGroup;
			children = (
			);
			path = color;
			sourceTree = "<group>";
		};
		513B2BAD2504EA4F00A08788 /* screen */ = {
			isa = PBXGroup;
			children = (
				513B2B9F250141C800A08788 /* BaseViewController.h */,
				513B2BA0250141C800A08788 /* BaseViewController.m */,
				513B2BA225014D6B00A08788 /* HomeViewController.h */,
				513B2BA325014D6B00A08788 /* HomeViewController.m */,
				513B2BA425014D6B00A08788 /* HomeViewController.xib */,
				513B2B8524EAC51D00A08788 /* LaunchScreen.storyboard */,
				513B2B9024F2595D00A08788 /* RootViewController.h */,
				513B2B9124F2595E00A08788 /* RootViewController.m */,
				513B2B9A250050DD00A08788 /* StartingViewController.h */,
				513B2B9B250050DD00A08788 /* StartingViewController.m */,
				513B2B9C250050DD00A08788 /* StartingViewController.xib */,
			);
			path = screen;
			sourceTree = "<group>";
		};
		513B2BAE2504EAB900A08788 /* manager */ = {
			isa = PBXGroup;
			children = (
				513B2BB42504F88000A08788 /* ResourceManager.h */,
				513B2BB52504F88000A08788 /* ResourceManager.m */,
			);
			path = manager;
			sourceTree = "<group>";
		};
		513B2BAF2504EB0200A08788 /* define */ = {
			isa = PBXGroup;
			children = (
				513B2BB22504F7A400A08788 /* LabelDefine.h */,
			);
			path = define;
			sourceTree = "<group>";
		};
/* End PBXGroup section */

/* Begin PBXNativeTarget section */
		513B2B7324EAC51700A08788 /* sample */ = {
			isa = PBXNativeTarget;
			buildConfigurationList = 513B2B8D24EAC51D00A08788 /* Build configuration list for PBXNativeTarget "sample" */;
			buildPhases = (
				513B2B7024EAC51700A08788 /* Sources */,
				513B2B7124EAC51700A08788 /* Frameworks */,
				513B2B7224EAC51700A08788 /* Resources */,
			);
			buildRules = (
			);
			dependencies = (
			);
			name = sample;
			productName = sample;
			productReference = 513B2B7424EAC51700A08788 /* sample.app */;
			productType = "com.apple.product-type.application";
		};
/* End PBXNativeTarget section */

/* Begin PBXProject section */
		513B2B6C24EAC51700A08788 /* Project object */ = {
			isa = PBXProject;
			attributes = {
				LastUpgradeCheck = 1160;
				ORGANIZATIONNAME = sample;
				TargetAttributes = {
					513B2B7324EAC51700A08788 = {
						CreatedOnToolsVersion = 11.6;
					};
				};
			};
			buildConfigurationList = 513B2B6F24EAC51700A08788 /* Build configuration list for PBXProject "sample" */;
			compatibilityVersion = "Xcode 9.3";
			developmentRegion = en;
			hasScannedForEncodings = 0;
			knownRegions = (
				en,
				Base,
			);
			mainGroup = 513B2B6B24EAC51700A08788;
			productRefGroup = 513B2B7524EAC51700A08788 /* Products */;
			projectDirPath = "";
			projectRoot = "";
			targets = (
				513B2B7324EAC51700A08788 /* sample */,
			);
		};
/* End PBXProject section */

/* Begin PBXResourcesBuildPhase section */
		513B2B7224EAC51700A08788 /* Resources */ = {
			isa = PBXResourcesBuildPhase;
			buildActionMask = 2147483647;
			files = (
				513B2BB12504F70100A08788 /* Localizable.strings in Resources */,
				513B2B8724EAC51D00A08788 /* LaunchScreen.storyboard in Resources */,
				513B2B9E250050DD00A08788 /* StartingViewController.xib in Resources */,
				513B2B8424EAC51D00A08788 /* Assets.xcassets in Resources */,
				513B2BA625014D6B00A08788 /* HomeViewController.xib in Resources */,
			);
			runOnlyForDeploymentPostprocessing = 0;
		};
/* End PBXResourcesBuildPhase section */

/* Begin PBXSourcesBuildPhase section */
		513B2B7024EAC51700A08788 /* Sources */ = {
			isa = PBXSourcesBuildPhase;
			buildActionMask = 2147483647;
			files = (
				513B2B7924EAC51700A08788 /* AppDelegate.m in Sources */,
				513B2BB62504F88000A08788 /* ResourceManager.m in Sources */,
				513B2BA1250141C800A08788 /* BaseViewController.m in Sources */,
				513B2B8A24EAC51D00A08788 /* main.m in Sources */,
				513B2B9224F2595E00A08788 /* RootViewController.m in Sources */,
				513B2B9D250050DD00A08788 /* StartingViewController.m in Sources */,
				513B2BA525014D6B00A08788 /* HomeViewController.m in Sources */,
			);
			runOnlyForDeploymentPostprocessing = 0;
		};
/* End PBXSourcesBuildPhase section */

/* Begin PBXVariantGroup section */
		513B2B8524EAC51D00A08788 /* LaunchScreen.storyboard */ = {
			isa = PBXVariantGroup;
			children = (
				513B2B8624EAC51D00A08788 /* Base */,
			);
			name = LaunchScreen.storyboard;
			sourceTree = "<group>";
		};
/* End PBXVariantGroup section */

/* Begin XCBuildConfiguration section */
		513B2B8B24EAC51D00A08788 /* Debug */ = {
			isa = XCBuildConfiguration;
			buildSettings = {
				ALWAYS_SEARCH_USER_PATHS = NO;
				CLANG_ANALYZER_NONNULL = YES;
				CLANG_ANALYZER_NUMBER_OBJECT_CONVERSION = YES_AGGRESSIVE;
				CLANG_CXX_LANGUAGE_STANDARD = "gnu++14";
				CLANG_CXX_LIBRARY = "libc++";
				CLANG_ENABLE_MODULES = YES;
				CLANG_ENABLE_OBJC_ARC = YES;
				CLANG_ENABLE_OBJC_WEAK = YES;
				CLANG_WARN_BLOCK_CAPTURE_AUTORELEASING = YES;
				CLANG_WARN_BOOL_CONVERSION = YES;
				CLANG_WARN_COMMA = YES;
				CLANG_WARN_CONSTANT_CONVERSION = YES;
				CLANG_WARN_DEPRECATED_OBJC_IMPLEMENTATIONS = YES;
				CLANG_WARN_DIRECT_OBJC_ISA_USAGE = YES_ERROR;
				CLANG_WARN_DOCUMENTATION_COMMENTS = YES;
				CLANG_WARN_EMPTY_BODY = YES;
				CLANG_WARN_ENUM_CONVERSION = YES;
				CLANG_WARN_INFINITE_RECURSION = YES;
				CLANG_WARN_INT_CONVERSION = YES;
				CLANG_WARN_NON_LITERAL_NULL_CONVERSION = YES;
				CLANG_WARN_OBJC_IMPLICIT_RETAIN_SELF = YES;
				CLANG_WARN_OBJC_LITERAL_CONVERSION = YES;
				CLANG_WARN_OBJC_ROOT_CLASS = YES_ERROR;
				CLANG_WARN_RANGE_LOOP_ANALYSIS = YES;
				CLANG_WARN_STRICT_PROTOTYPES = YES;
				CLANG_WARN_SUSPICIOUS_MOVE = YES;
				CLANG_WARN_UNGUARDED_AVAILABILITY = YES_AGGRESSIVE;
				CLANG_WARN_UNREACHABLE_CODE = YES;
				CLANG_WARN__DUPLICATE_METHOD_MATCH = YES;
				COPY_PHASE_STRIP = NO;
				DEBUG_INFORMATION_FORMAT = dwarf;
				ENABLE_STRICT_OBJC_MSGSEND = YES;
				ENABLE_TESTABILITY = YES;
				GCC_C_LANGUAGE_STANDARD = gnu11;
				GCC_DYNAMIC_NO_PIC = NO;
				GCC_NO_COMMON_BLOCKS = YES;
				GCC_OPTIMIZATION_LEVEL = 0;
				GCC_PREPROCESSOR_DEFINITIONS = (
					"DEBUG=1",
					"$(inherited)",
				);
				GCC_WARN_64_TO_32_BIT_CONVERSION = YES;
				GCC_WARN_ABOUT_RETURN_TYPE = YES_ERROR;
				GCC_WARN_UNDECLARED_SELECTOR = YES;
				GCC_WARN_UNINITIALIZED_AUTOS = YES_AGGRESSIVE;
				GCC_WARN_UNUSED_FUNCTION = YES;
				GCC_WARN_UNUSED_VARIABLE = YES;
				IPHONEOS_DEPLOYMENT_TARGET = 13.6;
				MTL_ENABLE_DEBUG_INFO = INCLUDE_SOURCE;
				MTL_FAST_MATH = YES;
				ONLY_ACTIVE_ARCH = YES;
				SDKROOT = iphoneos;
			};
			name = Debug;
		};
		513B2B8C24EAC51D00A08788 /* Release */ = {
			isa = XCBuildConfiguration;
			buildSettings = {
				ALWAYS_SEARCH_USER_PATHS = NO;
				CLANG_ANALYZER_NONNULL = YES;
				CLANG_ANALYZER_NUMBER_OBJECT_CONVERSION = YES_AGGRESSIVE;
				CLANG_CXX_LANGUAGE_STANDARD = "gnu++14";
				CLANG_CXX_LIBRARY = "libc++";
				CLANG_ENABLE_MODULES = YES;
				CLANG_ENABLE_OBJC_ARC = YES;
				CLANG_ENABLE_OBJC_WEAK = YES;
				CLANG_WARN_BLOCK_CAPTURE_AUTORELEASING = YES;
				CLANG_WARN_BOOL_CONVERSION = YES;
				CLANG_WARN_COMMA = YES;
				CLANG_WARN_CONSTANT_CONVERSION = YES;
				CLANG_WARN_DEPRECATED_OBJC_IMPLEMENTATIONS = YES;
				CLANG_WARN_DIRECT_OBJC_ISA_USAGE = YES_ERROR;
				CLANG_WARN_DOCUMENTATION_COMMENTS = YES;
				CLANG_WARN_EMPTY_BODY = YES;
				CLANG_WARN_ENUM_CONVERSION = YES;
				CLANG_WARN_INFINITE_RECURSION = YES;
				CLANG_WARN_INT_CONVERSION = YES;
				CLANG_WARN_NON_LITERAL_NULL_CONVERSION = YES;
				CLANG_WARN_OBJC_IMPLICIT_RETAIN_SELF = YES;
				CLANG_WARN_OBJC_LITERAL_CONVERSION = YES;
				CLANG_WARN_OBJC_ROOT_CLASS = YES_ERROR;
				CLANG_WARN_RANGE_LOOP_ANALYSIS = YES;
				CLANG_WARN_STRICT_PROTOTYPES = YES;
				CLANG_WARN_SUSPICIOUS_MOVE = YES;
				CLANG_WARN_UNGUARDED_AVAILABILITY = YES_AGGRESSIVE;
				CLANG_WARN_UNREACHABLE_CODE = YES;
				CLANG_WARN__DUPLICATE_METHOD_MATCH = YES;
				COPY_PHASE_STRIP = NO;
				DEBUG_INFORMATION_FORMAT = "dwarf-with-dsym";
				ENABLE_NS_ASSERTIONS = NO;
				ENABLE_STRICT_OBJC_MSGSEND = YES;
				GCC_C_LANGUAGE_STANDARD = gnu11;
				GCC_NO_COMMON_BLOCKS = YES;
				GCC_WARN_64_TO_32_BIT_CONVERSION = YES;
				GCC_WARN_ABOUT_RETURN_TYPE = YES_ERROR;
				GCC_WARN_UNDECLARED_SELECTOR = YES;
				GCC_WARN_UNINITIALIZED_AUTOS = YES_AGGRESSIVE;
				GCC_WARN_UNUSED_FUNCTION = YES;
				GCC_WARN_UNUSED_VARIABLE = YES;
				IPHONEOS_DEPLOYMENT_TARGET = 13.6;
				MTL_ENABLE_DEBUG_INFO = NO;
				MTL_FAST_MATH = YES;
				SDKROOT = iphoneos;
				VALIDATE_PRODUCT = YES;
			};
			name = Release;
		};
		513B2B8E24EAC51D00A08788 /* Debug */ = {
			isa = XCBuildConfiguration;
			buildSettings = {
				ASSETCATALOG_COMPILER_APPICON_NAME = AppIcon;
				CODE_SIGN_STYLE = Automatic;
				INFOPLIST_FILE = sample/res/plist/Info.plist;
				LD_RUNPATH_SEARCH_PATHS = (
					"$(inherited)",
					"@executable_path/Frameworks",
				);
				PRODUCT_BUNDLE_IDENTIFIER = com.practice.sample;
				PRODUCT_NAME = "$(TARGET_NAME)";
				TARGETED_DEVICE_FAMILY = "1,2";
			};
			name = Debug;
		};
		513B2B8F24EAC51D00A08788 /* Release */ = {
			isa = XCBuildConfiguration;
			buildSettings = {
				ASSETCATALOG_COMPILER_APPICON_NAME = AppIcon;
				CODE_SIGN_STYLE = Automatic;
				INFOPLIST_FILE = sample/res/plist/Info.plist;
				LD_RUNPATH_SEARCH_PATHS = (
					"$(inherited)",
					"@executable_path/Frameworks",
				);
				PRODUCT_BUNDLE_IDENTIFIER = com.practice.sample;
				PRODUCT_NAME = "$(TARGET_NAME)";
				TARGETED_DEVICE_FAMILY = "1,2";
			};
			name = Release;
		};
/* End XCBuildConfiguration section */

/* Begin XCConfigurationList section */
		513B2B6F24EAC51700A08788 /* Build configuration list for PBXProject "sample" */ = {
			isa = XCConfigurationList;
			buildConfigurations = (
				513B2B8B24EAC51D00A08788 /* Debug */,
				513B2B8C24EAC51D00A08788 /* Release */,
			);
			defaultConfigurationIsVisible = 0;
			defaultConfigurationName = Release;
		};
		513B2B8D24EAC51D00A08788 /* Build configuration list for PBXNativeTarget "sample" */ = {
			isa = XCConfigurationList;
			buildConfigurations = (
				513B2B8E24EAC51D00A08788 /* Debug */,
				513B2B8F24EAC51D00A08788 /* Release */,
			);
			defaultConfigurationIsVisible = 0;
			defaultConfigurationName = Release;
		};
/* End XCConfigurationList section */
	};
	rootObject = 513B2B6C24EAC51700A08788 /* Project object */;
}
